// !$*UTF8*$!
{
	archiveVersion = 1;
	classes = {
	};
	objectVersion = 46;
	objects = {

/* Begin PBXBuildFile section */
		711A41851D17E874009F2B56 /* main.m in Sources */ = {isa = PBXBuildFile; fileRef = 711A41841D17E874009F2B56 /* main.m */; };
		711A41881D17E874009F2B56 /* AppDelegate.m in Sources */ = {isa = PBXBuildFile; fileRef = 711A41871D17E874009F2B56 /* AppDelegate.m */; };
		711A418B1D17E874009F2B56 /* MainViewController.m in Sources */ = {isa = PBXBuildFile; fileRef = 711A418A1D17E874009F2B56 /* MainViewController.m */; };
		711A41901D17E874009F2B56 /* Assets.xcassets in Resources */ = {isa = PBXBuildFile; fileRef = 711A418F1D17E874009F2B56 /* Assets.xcassets */; };
		711A41931D17E874009F2B56 /* LaunchScreen.storyboard in Resources */ = {isa = PBXBuildFile; fileRef = 711A41911D17E874009F2B56 /* LaunchScreen.storyboard */; };
/* End PBXBuildFile section */

/* Begin PBXFileReference section */
		711A41801D17E874009F2B56 /* FrameAndBounds.app */ = {isa = PBXFileReference; explicitFileType = wrapper.application; includeInIndex = 0; path = FrameAndBounds.app; sourceTree = BUILT_PRODUCTS_DIR; };
		711A41841D17E874009F2B56 /* main.m */ = {isa = PBXFileReference; lastKnownFileType = sourcecode.c.objc; path = main.m; sourceTree = "<group>"; };
		711A41861D17E874009F2B56 /* AppDelegate.h */ = {isa = PBXFileReference; lastKnownFileType = sourcecode.c.h; path = AppDelegate.h; sourceTree = "<group>"; };
		711A41871D17E874009F2B56 /* AppDelegate.m */ = {isa = PBXFileReference; lastKnownFileType = sourcecode.c.objc; path = AppDelegate.m; sourceTree = "<group>"; };
		711A41891D17E874009F2B56 /* MainViewController.h */ = {isa = PBXFileReference; lastKnownFileType = sourcecode.c.h; path = MainViewController.h; sourceTree = "<group>"; };
		711A418A1D17E874009F2B56 /* MainViewController.m */ = {isa = PBXFileReference; lastKnownFileType = sourcecode.c.objc; path = MainViewController.m; sourceTree = "<group>"; };
		711A418F1D17E874009F2B56 /* Assets.xcassets */ = {isa = PBXFileReference; lastKnownFileType = folder.assetcatalog; path = Assets.xcassets; sourceTree = "<group>"; };
		711A41921D17E874009F2B56 /* Base */ = {isa = PBXFileReference; lastKnownFileType = file.storyboard; name = Base; path = Base.lproj/LaunchScreen.storyboard; sourceTree = "<group>"; };
		711A41941D17E874009F2B56 /* Info.plist */ = {isa = PBXFileReference; lastKnownFileType = text.plist.xml; path = Info.plist; sourceTree = "<group>"; };
/* End PBXFileReference section */

/* Begin PBXFrameworksBuildPhase section */
		711A417D1D17E874009F2B56 /* Frameworks */ = {
			isa = PBXFrameworksBuildPhase;
			buildActionMask = 2147483647;
			files = (
			);
			runOnlyForDeploymentPostprocessing = 0;
		};
/* End PBXFrameworksBuildPhase section */

/* Begin PBXGroup section */
		711A41771D17E874009F2B56 = {
			isa = PBXGroup;
			children = (
				711A41821D17E874009F2B56 /* FrameAndBounds */,
				711A41811D17E874009F2B56 /* Products */,
			);
			sourceTree = "<group>";
		};
		711A41811D17E874009F2B56 /* Products */ = {
			isa = PBXGroup;
			children = (
				711A41801D17E874009F2B56 /* FrameAndBounds.app */,
			);
			name = Products;
			sourceTree = "<group>";
		};
		711A41821D17E874009F2B56 /* FrameAndBounds */ = {
			isa = PBXGroup;
			children = (
				711A41861D17E874009F2B56 /* AppDelegate.h */,
				711A41871D17E874009F2B56 /* AppDelegate.m */,
				711A41891D17E874009F2B56 /* MainViewController.h */,
				711A418A1D17E874009F2B56 /* MainViewController.m */,
				711A418F1D17E874009F2B56 /* Assets.xcassets */,
				711A41911D17E874009F2B56 /* LaunchScreen.storyboard */,
				711A41941D17E874009F2B56 /* Info.plist */,
				711A41831D17E874009F2B56 /* Supporting Files */,
			);
			path = FrameAndBounds;
			sourceTree = "<group>";
		};
		711A41831D17E874009F2B56 /* Supporting Files */ = {
			isa = PBXGroup;
			children = (
				711A41841D17E874009F2B56 /* main.m */,
			);
			name = "Supporting Files";
			sourceTree = "<group>";
		};
/* End PBXGroup section */

/* Begin PBXNativeTarget section */
		711A417F1D17E874009F2B56 /* FrameAndBounds */ = {
			isa = PBXNativeTarget;
			buildConfigurationList = 711A41971D17E874009F2B56 /* Build configuration list for PBXNativeTarget "FrameAndBounds" */;
			buildPhases = (
				711A417C1D17E874009F2B56 /* Sources */,
				711A417D1D17E874009F2B56 /* Frameworks */,
				711A417E1D17E874009F2B56 /* Resources */,
			);
			buildRules = (
			);
			dependencies = (
			);
			name = FrameAndBounds;
			productName = FrameAndBounds;
			productReference = 711A41801D17E874009F2B56 /* FrameAndBounds.app */;
			productType = "com.apple.product-type.application";
		};
/* End PBXNativeTarget section */

/* Begin PBXProject section */
		711A41781D17E874009F2B56 /* Project object */ = {
			isa = PBXProject;
			attributes = {
				LastUpgradeCheck = 0720;
				ORGANIZATIONNAME = chenyufengweb;
				TargetAttributes = {
					711A417F1D17E874009F2B56 = {
						CreatedOnToolsVersion = 7.2;
					};
				};
			};
			buildConfigurationList = 711A417B1D17E874009F2B56 /* Build configuration list for PBXProject "FrameAndBounds" */;
			compatibilityVersion = "Xcode 3.2";
			developmentRegion = English;
			hasScannedForEncodings = 0;
			knownRegions = (
				en,
				Base,
			);
			mainGroup = 711A41771D17E874009F2B56;
			productRefGroup = 711A41811D17E874009F2B56 /* Products */;
			projectDirPath = "";
			projectRoot = "";
			targets = (
				711A417F1D17E874009F2B56 /* FrameAndBounds */,
			);
		};
/* End PBXProject section */

/* Begin PBXResourcesBuildPhase section */
		711A417E1D17E874009F2B56 /* Resources */ = {
			isa = PBXResourcesBuildPhase;
			buildActionMask = 2147483647;
			files = (
				711A41931D17E874009F2B56 /* LaunchScreen.storyboard in Resources */,
				711A41901D17E874009F2B56 /* Assets.xcassets in Resources */,
			);
			runOnlyForDeploymentPostprocessing = 0;
		};
/* End PBXResourcesBuildPhase section */

/* Begin PBXSourcesBuildPhase section */
		711A417C1D17E874009F2B56 /* Sources */ = {
			isa = PBXSourcesBuildPhase;
			buildActionMask = 2147483647;
			files = (
				711A418B1D17E874009F2B56 /* MainViewController.m in Sources */,
				711A41881D17E874009F2B56 /* AppDelegate.m in Sources */,
				711A41851D17E874009F2B56 /* main.m in Sources */,
			);
			runOnlyForDeploymentPostprocessing = 0;
		};
/* End PBXSourcesBuildPhase section */

/* Begin PBXVariantGroup section */
		711A41911D17E874009F2B56 /* LaunchScreen.storyboard */ = {
			isa = PBXVariantGroup;
			children = (
				711A41921D17E874009F2B56 /* Base */,
			);
			name = LaunchScreen.storyboard;
			sourceTree = "<group>";
		};
/* End PBXVariantGroup section */

/* Begin XCBuildConfiguration section */
		711A41951D17E874009F2B56 /* Debug */ = {
			isa = XCBuildConfiguration;
			buildSettings = {
				ALWAYS_SEARCH_USER_PATHS = NO;
				CLANG_CXX_LANGUAGE_STANDARD = "gnu++0x";
				CLANG_CXX_LIBRARY = "libc++";
				CLANG_ENABLE_MODULES = YES;
				CLANG_ENABLE_OBJC_ARC = YES;
				CLANG_WARN_BOOL_CONVERSION = YES;
				CLANG_WARN_CONSTANT_CONVERSION = YES;
				CLANG_WARN_DIRECT_OBJC_ISA_USAGE = YES_ERROR;
				CLANG_WARN_EMPTY_BODY = YES;
				CLANG_WARN_ENUM_CONVERSION = YES;
				CLANG_WARN_INT_CONVERSION = YES;
				CLANG_WARN_OBJC_ROOT_CLASS = YES_ERROR;
				CLANG_WARN_UNREACHABLE_CODE = YES;
				CLANG_WARN__DUPLICATE_METHOD_MATCH = YES;
				"CODE_SIGN_IDENTITY[sdk=iphoneos*]" = "iPhone Developer";
				COPY_PHASE_STRIP = NO;
				DEBUG_INFORMATION_FORMAT = dwarf;
				ENABLE_STRICT_OBJC_MSGSEND = YES;
				ENABLE_TESTABILITY = YES;
				GCC_C_LANGUAGE_STANDARD = gnu99;
				GCC_DYNAMIC_NO_PIC = NO;
				GCC_NO_COMMON_BLOCKS = YES;
				GCC_OPTIMIZATION_LEVEL = 0;
				GCC_PREPROCESSOR_DEFINITIONS = (
					"DEBUG=1",
					"$(inherited)",
				);
				GCC_WARN_64_TO_32_BIT_CONVERSION = YES;
				GCC_WARN_ABOUT_RETURN_TYPE = YES_ERROR;
				GCC_WARN_UNDECLARED_SELECTOR = YES;
				GCC_WARN_UNINITIALIZED_AUTOS = YES_AGGRESSIVE;
				GCC_WARN_UNUSED_FUNCTION = YES;
				GCC_WARN_UNUSED_VARIABLE = YES;
				IPHONEOS_DEPLOYMENT_TARGET = 9.2;
				MTL_ENABLE_DEBUG_INFO = YES;
				ONLY_ACTIVE_ARCH = YES;
				SDKROOT = iphoneos;
				TARGETED_DEVICE_FAMILY = "1,2";
			};
			name = Debug;
		};
		711A41961D17E874009F2B56 /* Release */ = {
			isa = XCBuildConfiguration;
			buildSettings = {
				ALWAYS_SEARCH_USER_PATHS = NO;
				CLANG_CXX_LANGUAGE_STANDARD = "gnu++0x";
				CLANG_CXX_LIBRARY = "libc++";
				CLANG_ENABLE_MODULES = YES;
				CLANG_ENABLE_OBJC_ARC = YES;
				CLANG_WARN_BOOL_CONVERSION = YES;
				CLANG_WARN_CONSTANT_CONVERSION = YES;
				CLANG_WARN_DIRECT_OBJC_ISA_USAGE = YES_ERROR;
				CLANG_WARN_EMPTY_BODY = YES;
				CLANG_WARN_ENUM_CONVERSION = YES;
				CLANG_WARN_INT_CONVERSION = YES;
				CLANG_WARN_OBJC_ROOT_CLASS = YES_ERROR;
				CLANG_WARN_UNREACHABLE_CODE = YES;
				CLANG_WARN__DUPLICATE_METHOD_MATCH = YES;
				"CODE_SIGN_IDENTITY[sdk=iphoneos*]" = "iPhone Developer";
				COPY_PHASE_STRIP = NO;
				DEBUG_INFORMATION_FORMAT = "dwarf-with-dsym";
				ENABLE_NS_ASSERTIONS = NO;
				ENABLE_STRICT_OBJC_MSGSEND = YES;
				GCC_C_LANGUAGE_STANDARD = gnu99;
				GCC_NO_COMMON_BLOCKS = YES;
				GCC_WARN_64_TO_32_BIT_CONVERSION = YES;
				GCC_WARN_ABOUT_RETURN_TYPE = YES_ERROR;
				GCC_WARN_UNDECLARED_SELECTOR = YES;
				GCC_WARN_UNINITIALIZED_AUTOS = YES_AGGRESSIVE;
				GCC_WARN_UNUSED_FUNCTION = YES;
				GCC_WARN_UNUSED_VARIABLE = YES;
				IPHONEOS_DEPLOYMENT_TARGET = 9.2;
				MTL_ENABLE_DEBUG_INFO = NO;
				SDKROOT = iphoneos;
				TARGETED_DEVICE_FAMILY = "1,2";
				VALIDATE_PRODUCT = YES;
			};
			name = Release;
		};
		711A41981D17E874009F2B56 /* Debug */ = {
			isa = XCBuildConfiguration;
			buildSettings = {
				ASSETCATALOG_COMPILER_APPICON_NAME = AppIcon;
				INFOPLIST_FILE = FrameAndBounds/Info.plist;
				LD_RUNPATH_SEARCH_PATHS = "$(inherited) @executable_path/Frameworks";
				PRODUCT_BUNDLE_IDENTIFIER = com.chenyufengweb.FrameAndBounds;
				PRODUCT_NAME = "$(TARGET_NAME)";
			};
			name = Debug;
		};
		711A41991D17E874009F2B56 /* Release */ = {
			isa = XCBuildConfiguration;
			buildSettings = {
				ASSETCATALOG_COMPILER_APPICON_NAME = AppIcon;
				INFOPLIST_FILE = FrameAndBounds/Info.plist;
				LD_RUNPATH_SEARCH_PATHS = "$(inherited) @executable_path/Frameworks";
				PRODUCT_BUNDLE_IDENTIFIER = com.chenyufengweb.FrameAndBounds;
				PRODUCT_NAME = "$(TARGET_NAME)";
			};
			name = Release;
		};
/* End XCBuildConfiguration section */

/* Begin XCConfigurationList section */
		711A417B1D17E874009F2B56 /* Build configuration list for PBXProject "FrameAndBounds" */ = {
			isa = XCConfigurationList;
			buildConfigurations = (
				711A41951D17E874009F2B56 /* Debug */,
				711A41961D17E874009F2B56 /* Release */,
			);
			defaultConfigurationIsVisible = 0;
			defaultConfigurationName = Release;
		};
		711A41971D17E874009F2B56 /* Build configuration list for PBXNativeTarget "FrameAndBounds" */ = {
			isa = XCConfigurationList;
			buildConfigurations = (
				711A41981D17E874009F2B56 /* Debug */,
				711A41991D17E874009F2B56 /* Release */,
			);
			defaultConfigurationIsVisible = 0;
		};
/* End XCConfigurationList section */
	};
	rootObject = 711A41781D17E874009F2B56 /* Project object */;
}
